
Microsoft Visual Studio Solution File, Format Version 12.00
# Visual Studio Version 16
VisualStudioVersion = 16.0.34601.136
MinimumVisualStudioVersion = 10.0.40219.1
Project("{FAE04EC0-301F-11D3-BF4B-00C04F79EFBC}") = "Form Validation", "Form Validation.csproj", "{057AC133-A3F6-4346-81FF-03139EC7AA55}"
EndProject
Global
	GlobalSection(SolutionConfigurationPlatforms) = preSolution
		Debug|Any CPU = Debug|Any CPU
		Release|Any CPU = Release|Any CPU
	EndGlobalSection
	GlobalSection(ProjectConfigurationPlatforms) = postSolution
		{057AC133-A3F6-4346-81FF-03139EC7AA55}.Debug|Any CPU.ActiveCfg = Debug|Any CPU
		{057AC133-A3F6-4346-81FF-03139EC7AA55}.Debug|Any CPU.Build.0 = Debug|Any CPU
		{057AC133-A3F6-4346-81FF-03139EC7AA55}.Release|Any CPU.ActiveCfg = Release|Any CPU
		{057AC133-A3F6-4346-81FF-03139EC7AA55}.Release|Any CPU.Build.0 = Release|Any CPU
	EndGlobalSection
	GlobalSection(SolutionProperties) = preSolution
		HideSolutionNode = FALSE
	EndGlobalSection
	GlobalSection(ExtensibilityGlobals) = postSolution
		SolutionGuid = {833FFE28-08BC-4FE1-A501-460E9F3B0148}
	EndGlobalSection
EndGlobal
